Microsoft Visual Studio Solution File, Format Version 12.00
# Visual Studio Version 17
VisualStudioVersion = 17.5.2.0
MinimumVisualStudioVersion = 10.0.40219.1
Project("{FAE04EC0-301F-11D3-BF4B-00C04F79EFBC}") = "AtmDenominationSolver", "AtmDenominationSolver\AtmDenominationSolver.csproj", "{05789C5E-2553-136D-D8A0-2788A274AE48}"
EndProject
Global
	GlobalSection(SolutionConfigurationPlatforms) = preSolution
		Debug|Any CPU = Debug|Any CPU
		Release|Any CPU = Release|Any CPU
	EndGlobalSection
	GlobalSection(ProjectConfigurationPlatforms) = postSolution
		{05789C5E-2553-136D-D8A0-2788A274AE48}.Debug|Any CPU.ActiveCfg = Debug|Any CPU
		{05789C5E-2553-136D-D8A0-2788A274AE48}.Debug|Any CPU.Build.0 = Debug|Any CPU
		{05789C5E-2553-136D-D8A0-2788A274AE48}.Release|Any CPU.ActiveCfg = Release|Any CPU
		{05789C5E-2553-136D-D8A0-2788A274AE48}.Release|Any CPU.Build.0 = Release|Any CPU
	EndGlobalSection
	GlobalSection(SolutionProperties) = preSolution
		HideSolutionNode = FALSE
	EndGlobalSection
	GlobalSection(ExtensibilityGlobals) = postSolution
		SolutionGuid = {2E28EFE0-A9B6-46AB-9B97-943D5C8F881C}
	EndGlobalSection
EndGlobal
